
Microsoft Visual Studio Solution File, Format Version 12.00
# Visual Studio Version 17
VisualStudioVersion = 17.7.34202.233
MinimumVisualStudioVersion = 10.0.40219.1
Project("{FAE04EC0-301F-11D3-BF4B-00C04F79EFBC}") = "SimpleCSharpConsoleApp", "SimpleCSharpConsoleApp\SimpleCSharpConsoleApp.csproj", "{0A5394A4-8B54-4AC2-B6A4-DA509991FCAF}"
EndProject
Global
	GlobalSection(SolutionConfigurationPlatforms) = preSolution
		Debug|Any CPU = Debug|Any CPU
		Release|Any CPU = Release|Any CPU
	EndGlobalSection
	GlobalSection(ProjectConfigurationPlatforms) = postSolution
		{0A5394A4-8B54-4AC2-B6A4-DA509991FCAF}.Debug|Any CPU.ActiveCfg = Debug|Any CPU
		{0A5394A4-8B54-4AC2-B6A4-DA509991FCAF}.Debug|Any CPU.Build.0 = Debug|Any CPU
		{0A5394A4-8B54-4AC2-B6A4-DA509991FCAF}.Release|Any CPU.ActiveCfg = Release|Any CPU
		{0A5394A4-8B54-4AC2-B6A4-DA509991FCAF}.Release|Any CPU.Build.0 = Release|Any CPU
	EndGlobalSection
	GlobalSection(SolutionProperties) = preSolution
		HideSolutionNode = FALSE
	EndGlobalSection
	GlobalSection(ExtensibilityGlobals) = postSolution
		SolutionGuid = {B4BBAD5D-E4ED-4E0A-AF2F-443D46642EEA}
	EndGlobalSection
EndGlobal
